
Microsoft Visual Studio Solution File, Format Version 12.00
# Visual Studio Version 17
VisualStudioVersion = 17.0.32126.317
MinimumVisualStudioVersion = 10.0.40219.1
Project("{9A19103F-16F7-4668-BE54-9A1E7A4F7556}") = "CryptoApi", "CryptoNotifierBot\CryptoApi.csproj", "{AEC61B14-3816-4DC6-8E0F-A0F3AAF98BF1}"
EndProject
Project("{9A19103F-16F7-4668-BE54-9A1E7A4F7556}") = "CryptoNotifierBot.Tests", "CryptoNotifierBot.Tests\CryptoNotifierBot.Tests.csproj", "{FCA156A1-3735-4406-AA53-7682F6C399C0}"
EndProject
Project("{9A19103F-16F7-4668-BE54-9A1E7A4F7556}") = "TelegramBot", "TelegramBot\TelegramBot.csproj", "{406806FF-C7D8-4350-BAED-2938FDB03E2B}"
EndProject
Project("{9A19103F-16F7-4668-BE54-9A1E7A4F7556}") = "CryptoBotWebPortal", "CryptoBotWebPortal\CryptoBotWebPortal.csproj", "{BBF40C7D-7013-4ED7-B42C-A9902E76926D}"
EndProject
Project("{9A19103F-16F7-4668-BE54-9A1E7A4F7556}") = "WebApiPortal", "WebApiPortal\WebApiPortal.csproj", "{C1C20880-2C52-4FA8-8E90-20DC02C3A7D4}"
EndProject
Project("{9A19103F-16F7-4668-BE54-9A1E7A4F7556}") = "WindowsCryptoWidget", "WindowsCryptoWidget\WindowsCryptoWidget.csproj", "{19200892-924C-4848-A9E5-9B3C7B1FE558}"
EndProject
Project("{FAE04EC0-301F-11D3-BF4B-00C04F79EFBC}") = "UsersDatabaseService", "UsersDatabaseService\UsersDatabaseService.csproj", "{43B0B9BF-C581-45F4-94A3-C6E389DD72F2}"
EndProject
Global
	GlobalSection(SolutionConfigurationPlatforms) = preSolution
		Debug|Any CPU = Debug|Any CPU
		Debug|arm64 = Debug|arm64
		Debug|x64 = Debug|x64
		Debug|x86 = Debug|x86
		Release|Any CPU = Release|Any CPU
		Release|arm64 = Release|arm64
		Release|x64 = Release|x64
		Release|x86 = Release|x86
		ttt|Any CPU = ttt|Any CPU
		ttt|arm64 = ttt|arm64
		ttt|x64 = ttt|x64
		ttt|x86 = ttt|x86
	EndGlobalSection
	GlobalSection(ProjectConfigurationPlatforms) = postSolution
		{AEC61B14-3816-4DC6-8E0F-A0F3AAF98BF1}.Debug|Any CPU.ActiveCfg = Debug|Any CPU
		{AEC61B14-3816-4DC6-8E0F-A0F3AAF98BF1}.Debug|Any CPU.Build.0 = Debug|Any CPU
		{AEC61B14-3816-4DC6-8E0F-A0F3AAF98BF1}.Debug|arm64.ActiveCfg = Debug|Any CPU
		{AEC61B14-3816-4DC6-8E0F-A0F3AAF98BF1}.Debug|arm64.Build.0 = Debug|Any CPU
		{AEC61B14-3816-4DC6-8E0F-A0F3AAF98BF1}.Debug|x64.ActiveCfg = Debug|Any CPU
		{AEC61B14-3816-4DC6-8E0F-A0F3AAF98BF1}.Debug|x64.Build.0 = Debug|Any CPU
		{AEC61B14-3816-4DC6-8E0F-A0F3AAF98BF1}.Debug|x86.ActiveCfg = Debug|Any CPU
		{AEC61B14-3816-4DC6-8E0F-A0F3AAF98BF1}.Debug|x86.Build.0 = Debug|Any CPU
		{AEC61B14-3816-4DC6-8E0F-A0F3AAF98BF1}.Release|Any CPU.ActiveCfg = Release|Any CPU
		{AEC61B14-3816-4DC6-8E0F-A0F3AAF98BF1}.Release|Any CPU.Build.0 = Release|Any CPU
		{AEC61B14-3816-4DC6-8E0F-A0F3AAF98BF1}.Release|arm64.ActiveCfg = Release|Any CPU
		{AEC61B14-3816-4DC6-8E0F-A0F3AAF98BF1}.Release|arm64.Build.0 = Release|Any CPU
		{AEC61B14-3816-4DC6-8E0F-A0F3AAF98BF1}.Release|x64.ActiveCfg = Release|Any CPU
		{AEC61B14-3816-4DC6-8E0F-A0F3AAF98BF1}.Release|x64.Build.0 = Release|Any CPU
		{AEC61B14-3816-4DC6-8E0F-A0F3AAF98BF1}.Release|x86.ActiveCfg = Release|Any CPU
		{AEC61B14-3816-4DC6-8E0F-A0F3AAF98BF1}.Release|x86.Build.0 = Release|Any CPU
		{AEC61B14-3816-4DC6-8E0F-A0F3AAF98BF1}.ttt|Any CPU.ActiveCfg = Debug|Any CPU
		{AEC61B14-3816-4DC6-8E0F-A0F3AAF98BF1}.ttt|Any CPU.Build.0 = Debug|Any CPU
		{AEC61B14-3816-4DC6-8E0F-A0F3AAF98BF1}.ttt|arm64.ActiveCfg = Release|Any CPU
		{AEC61B14-3816-4DC6-8E0F-A0F3AAF98BF1}.ttt|arm64.Build.0 = Release|Any CPU
		{AEC61B14-3816-4DC6-8E0F-A0F3AAF98BF1}.ttt|x64.ActiveCfg = Release|Any CPU
		{AEC61B14-3816-4DC6-8E0F-A0F3AAF98BF1}.ttt|x64.Build.0 = Release|Any CPU
		{AEC61B14-3816-4DC6-8E0F-A0F3AAF98BF1}.ttt|x86.ActiveCfg = Release|Any CPU
		{AEC61B14-3816-4DC6-8E0F-A0F3AAF98BF1}.ttt|x86.Build.0 = Release|Any CPU
		{FCA156A1-3735-4406-AA53-7682F6C399C0}.Debug|Any CPU.ActiveCfg = Debug|Any CPU
		{FCA156A1-3735-4406-AA53-7682F6C399C0}.Debug|Any CPU.Build.0 = Debug|Any CPU
		{FCA156A1-3735-4406-AA53-7682F6C399C0}.Debug|arm64.ActiveCfg = Debug|Any CPU
		{FCA156A1-3735-4406-AA53-7682F6C399C0}.Debug|arm64.Build.0 = Debug|Any CPU
		{FCA156A1-3735-4406-AA53-7682F6C399C0}.Debug|x64.ActiveCfg = Debug|Any CPU
		{FCA156A1-3735-4406-AA53-7682F6C399C0}.Debug|x64.Build.0 = Debug|Any CPU
		{FCA156A1-3735-4406-AA53-7682F6C399C0}.Debug|x86.ActiveCfg = Debug|Any CPU
		{FCA156A1-3735-4406-AA53-7682F6C399C0}.Debug|x86.Build.0 = Debug|Any CPU
		{FCA156A1-3735-4406-AA53-7682F6C399C0}.Release|Any CPU.ActiveCfg = Release|Any CPU
		{FCA156A1-3735-4406-AA53-7682F6C399C0}.Release|Any CPU.Build.0 = Release|Any CPU
		{FCA156A1-3735-4406-AA53-7682F6C399C0}.Release|arm64.ActiveCfg = Release|Any CPU
		{FCA156A1-3735-4406-AA53-7682F6C399C0}.Release|arm64.Build.0 = Release|Any CPU
		{FCA156A1-3735-4406-AA53-7682F6C399C0}.Release|x64.ActiveCfg = Release|Any CPU
		{FCA156A1-3735-4406-AA53-7682F6C399C0}.Release|x64.Build.0 = Release|Any CPU
		{FCA156A1-3735-4406-AA53-7682F6C399C0}.Release|x86.ActiveCfg = Release|Any CPU
		{FCA156A1-3735-4406-AA53-7682F6C399C0}.Release|x86.Build.0 = Release|Any CPU
		{FCA156A1-3735-4406-AA53-7682F6C399C0}.ttt|Any CPU.ActiveCfg = Debug|Any CPU
		{FCA156A1-3735-4406-AA53-7682F6C399C0}.ttt|Any CPU.Build.0 = Debug|Any CPU
		{FCA156A1-3735-4406-AA53-7682F6C399C0}.ttt|arm64.ActiveCfg = Release|Any CPU
		{FCA156A1-3735-4406-AA53-7682F6C399C0}.ttt|arm64.Build.0 = Release|Any CPU
		{FCA156A1-3735-4406-AA53-7682F6C399C0}.ttt|x64.ActiveCfg = Release|Any CPU
		{FCA156A1-3735-4406-AA53-7682F6C399C0}.ttt|x64.Build.0 = Release|Any CPU
		{FCA156A1-3735-4406-AA53-7682F6C399C0}.ttt|x86.ActiveCfg = Release|Any CPU
		{FCA156A1-3735-4406-AA53-7682F6C399C0}.ttt|x86.Build.0 = Release|Any CPU
		{406806FF-C7D8-4350-BAED-2938FDB03E2B}.Debug|Any CPU.ActiveCfg = Debug|Any CPU
		{406806FF-C7D8-4350-BAED-2938FDB03E2B}.Debug|Any CPU.Build.0 = Debug|Any CPU
		{406806FF-C7D8-4350-BAED-2938FDB03E2B}.Debug|arm64.ActiveCfg = Debug|Any CPU
		{406806FF-C7D8-4350-BAED-2938FDB03E2B}.Debug|arm64.Build.0 = Debug|Any CPU
		{406806FF-C7D8-4350-BAED-2938FDB03E2B}.Debug|x64.ActiveCfg = Debug|Any CPU
		{406806FF-C7D8-4350-BAED-2938FDB03E2B}.Debug|x64.Build.0 = Debug|Any CPU
		{406806FF-C7D8-4350-BAED-2938FDB03E2B}.Debug|x86.ActiveCfg = Debug|Any CPU
		{406806FF-C7D8-4350-BAED-2938FDB03E2B}.Debug|x86.Build.0 = Debug|Any CPU
		{406806FF-C7D8-4350-BAED-2938FDB03E2B}.Release|Any CPU.ActiveCfg = Release|Any CPU
		{406806FF-C7D8-4350-BAED-2938FDB03E2B}.Release|Any CPU.Build.0 = Release|Any CPU
		{406806FF-C7D8-4350-BAED-2938FDB03E2B}.Release|arm64.ActiveCfg = Release|Any CPU
		{406806FF-C7D8-4350-BAED-2938FDB03E2B}.Release|arm64.Build.0 = Release|Any CPU
		{406806FF-C7D8-4350-BAED-2938FDB03E2B}.Release|x64.ActiveCfg = Release|Any CPU
		{406806FF-C7D8-4350-BAED-2938FDB03E2B}.Release|x64.Build.0 = Release|Any CPU
		{406806FF-C7D8-4350-BAED-2938FDB03E2B}.Release|x86.ActiveCfg = Release|Any CPU
		{406806FF-C7D8-4350-BAED-2938FDB03E2B}.Release|x86.Build.0 = Release|Any CPU
		{406806FF-C7D8-4350-BAED-2938FDB03E2B}.ttt|Any CPU.ActiveCfg = Debug|Any CPU
		{406806FF-C7D8-4350-BAED-2938FDB03E2B}.ttt|Any CPU.Build.0 = Debug|Any CPU
		{406806FF-C7D8-4350-BAED-2938FDB03E2B}.ttt|arm64.ActiveCfg = Release|Any CPU
		{406806FF-C7D8-4350-BAED-2938FDB03E2B}.ttt|arm64.Build.0 = Release|Any CPU
		{406806FF-C7D8-4350-BAED-2938FDB03E2B}.ttt|x64.ActiveCfg = Release|Any CPU
		{406806FF-C7D8-4350-BAED-2938FDB03E2B}.ttt|x64.Build.0 = Release|Any CPU
		{406806FF-C7D8-4350-BAED-2938FDB03E2B}.ttt|x86.ActiveCfg = Release|Any CPU
		{406806FF-C7D8-4350-BAED-2938FDB03E2B}.ttt|x86.Build.0 = Release|Any CPU
		{BBF40C7D-7013-4ED7-B42C-A9902E76926D}.Debug|Any CPU.ActiveCfg = Debug|Any CPU
		{BBF40C7D-7013-4ED7-B42C-A9902E76926D}.Debug|Any CPU.Build.0 = Debug|Any CPU
		{BBF40C7D-7013-4ED7-B42C-A9902E76926D}.Debug|arm64.ActiveCfg = Debug|Any CPU
		{BBF40C7D-7013-4ED7-B42C-A9902E76926D}.Debug|arm64.Build.0 = Debug|Any CPU
		{BBF40C7D-7013-4ED7-B42C-A9902E76926D}.Debug|x64.ActiveCfg = Debug|Any CPU
		{BBF40C7D-7013-4ED7-B42C-A9902E76926D}.Debug|x64.Build.0 = Debug|Any CPU
		{BBF40C7D-7013-4ED7-B42C-A9902E76926D}.Debug|x86.ActiveCfg = Debug|Any CPU
		{BBF40C7D-7013-4ED7-B42C-A9902E76926D}.Debug|x86.Build.0 = Debug|Any CPU
		{BBF40C7D-7013-4ED7-B42C-A9902E76926D}.Release|Any CPU.ActiveCfg = Release|Any CPU
		{BBF40C7D-7013-4ED7-B42C-A9902E76926D}.Release|Any CPU.Build.0 = Release|Any CPU
		{BBF40C7D-7013-4ED7-B42C-A9902E76926D}.Release|arm64.ActiveCfg = Release|Any CPU
		{BBF40C7D-7013-4ED7-B42C-A9902E76926D}.Release|arm64.Build.0 = Release|Any CPU
		{BBF40C7D-7013-4ED7-B42C-A9902E76926D}.Release|x64.ActiveCfg = Release|Any CPU
		{BBF40C7D-7013-4ED7-B42C-A9902E76926D}.Release|x64.Build.0 = Release|Any CPU
		{BBF40C7D-7013-4ED7-B42C-A9902E76926D}.Release|x86.ActiveCfg = Release|Any CPU
		{BBF40C7D-7013-4ED7-B42C-A9902E76926D}.Release|x86.Build.0 = Release|Any CPU
		{BBF40C7D-7013-4ED7-B42C-A9902E76926D}.ttt|Any CPU.ActiveCfg = Debug|Any CPU
		{BBF40C7D-7013-4ED7-B42C-A9902E76926D}.ttt|Any CPU.Build.0 = Debug|Any CPU
		{BBF40C7D-7013-4ED7-B42C-A9902E76926D}.ttt|arm64.ActiveCfg = Release|Any CPU
		{BBF40C7D-7013-4ED7-B42C-A9902E76926D}.ttt|arm64.Build.0 = Release|Any CPU
		{BBF40C7D-7013-4ED7-B42C-A9902E76926D}.ttt|x64.ActiveCfg = Release|Any CPU
		{BBF40C7D-7013-4ED7-B42C-A9902E76926D}.ttt|x64.Build.0 = Release|Any CPU
		{BBF40C7D-7013-4ED7-B42C-A9902E76926D}.ttt|x86.ActiveCfg = Release|Any CPU
		{BBF40C7D-7013-4ED7-B42C-A9902E76926D}.ttt|x86.Build.0 = Release|Any CPU
		{C1C20880-2C52-4FA8-8E90-20DC02C3A7D4}.Debug|Any CPU.ActiveCfg = Debug|Any CPU
		{C1C20880-2C52-4FA8-8E90-20DC02C3A7D4}.Debug|Any CPU.Build.0 = Debug|Any CPU
		{C1C20880-2C52-4FA8-8E90-20DC02C3A7D4}.Debug|arm64.ActiveCfg = Debug|Any CPU
		{C1C20880-2C52-4FA8-8E90-20DC02C3A7D4}.Debug|arm64.Build.0 = Debug|Any CPU
		{C1C20880-2C52-4FA8-8E90-20DC02C3A7D4}.Debug|x64.ActiveCfg = Debug|Any CPU
		{C1C20880-2C52-4FA8-8E90-20DC02C3A7D4}.Debug|x64.Build.0 = Debug|Any CPU
		{C1C20880-2C52-4FA8-8E90-20DC02C3A7D4}.Debug|x86.ActiveCfg = Debug|Any CPU
		{C1C20880-2C52-4FA8-8E90-20DC02C3A7D4}.Debug|x86.Build.0 = Debug|Any CPU
		{C1C20880-2C52-4FA8-8E90-20DC02C3A7D4}.Release|Any CPU.ActiveCfg = Release|Any CPU
		{C1C20880-2C52-4FA8-8E90-20DC02C3A7D4}.Release|Any CPU.Build.0 = Release|Any CPU
		{C1C20880-2C52-4FA8-8E90-20DC02C3A7D4}.Release|arm64.ActiveCfg = Release|Any CPU
		{C1C20880-2C52-4FA8-8E90-20DC02C3A7D4}.Release|arm64.Build.0 = Release|Any CPU
		{C1C20880-2C52-4FA8-8E90-20DC02C3A7D4}.Release|x64.ActiveCfg = Release|Any CPU
		{C1C20880-2C52-4FA8-8E90-20DC02C3A7D4}.Release|x64.Build.0 = Release|Any CPU
		{C1C20880-2C52-4FA8-8E90-20DC02C3A7D4}.Release|x86.ActiveCfg = Release|Any CPU
		{C1C20880-2C52-4FA8-8E90-20DC02C3A7D4}.Release|x86.Build.0 = Release|Any CPU
		{C1C20880-2C52-4FA8-8E90-20DC02C3A7D4}.ttt|Any CPU.ActiveCfg = Debug|Any CPU
		{C1C20880-2C52-4FA8-8E90-20DC02C3A7D4}.ttt|Any CPU.Build.0 = Debug|Any CPU
		{C1C20880-2C52-4FA8-8E90-20DC02C3A7D4}.ttt|arm64.ActiveCfg = Release|Any CPU
		{C1C20880-2C52-4FA8-8E90-20DC02C3A7D4}.ttt|arm64.Build.0 = Release|Any CPU
		{C1C20880-2C52-4FA8-8E90-20DC02C3A7D4}.ttt|x64.ActiveCfg = Release|Any CPU
		{C1C20880-2C52-4FA8-8E90-20DC02C3A7D4}.ttt|x64.Build.0 = Release|Any CPU
		{C1C20880-2C52-4FA8-8E90-20DC02C3A7D4}.ttt|x86.ActiveCfg = Release|Any CPU
		{C1C20880-2C52-4FA8-8E90-20DC02C3A7D4}.ttt|x86.Build.0 = Release|Any CPU
		{19200892-924C-4848-A9E5-9B3C7B1FE558}.Debug|Any CPU.ActiveCfg = Debug|Any CPU
		{19200892-924C-4848-A9E5-9B3C7B1FE558}.Debug|Any CPU.Build.0 = Debug|Any CPU
		{19200892-924C-4848-A9E5-9B3C7B1FE558}.Debug|arm64.ActiveCfg = Debug|Any CPU
		{19200892-924C-4848-A9E5-9B3C7B1FE558}.Debug|arm64.Build.0 = Debug|Any CPU
		{19200892-924C-4848-A9E5-9B3C7B1FE558}.Debug|x64.ActiveCfg = Debug|Any CPU
		{19200892-924C-4848-A9E5-9B3C7B1FE558}.Debug|x64.Build.0 = Debug|Any CPU
		{19200892-924C-4848-A9E5-9B3C7B1FE558}.Debug|x86.ActiveCfg = Debug|Any CPU
		{19200892-924C-4848-A9E5-9B3C7B1FE558}.Debug|x86.Build.0 = Debug|Any CPU
		{19200892-924C-4848-A9E5-9B3C7B1FE558}.Release|Any CPU.ActiveCfg = Release|Any CPU
		{19200892-924C-4848-A9E5-9B3C7B1FE558}.Release|Any CPU.Build.0 = Release|Any CPU
		{19200892-924C-4848-A9E5-9B3C7B1FE558}.Release|arm64.ActiveCfg = Release|Any CPU
		{19200892-924C-4848-A9E5-9B3C7B1FE558}.Release|arm64.Build.0 = Release|Any CPU
		{19200892-924C-4848-A9E5-9B3C7B1FE558}.Release|x64.ActiveCfg = Release|Any CPU
		{19200892-924C-4848-A9E5-9B3C7B1FE558}.Release|x64.Build.0 = Release|Any CPU
		{19200892-924C-4848-A9E5-9B3C7B1FE558}.Release|x86.ActiveCfg = Release|Any CPU
		{19200892-924C-4848-A9E5-9B3C7B1FE558}.Release|x86.Build.0 = Release|Any CPU
		{19200892-924C-4848-A9E5-9B3C7B1FE558}.ttt|Any CPU.ActiveCfg = Debug|Any CPU
		{19200892-924C-4848-A9E5-9B3C7B1FE558}.ttt|Any CPU.Build.0 = Debug|Any CPU
		{43B0B9BF-C581-45F4-94A3-C6E389DD72F2}.Debug|Any CPU.ActiveCfg = Debug|Any CPU
		{43B0B9BF-C581-45F4-94A3-C6E389DD72F2}.Debug|Any CPU.Build.0 = Debug|Any CPU
		{43B0B9BF-C581-45F4-94A3-C6E389DD72F2}.Release|Any CPU.ActiveCfg = Release|Any CPU
		{43B0B9BF-C581-45F4-94A3-C6E389DD72F2}.Release|Any CPU.Build.0 = Release|Any CPU
		{43B0B9BF-C581-45F4-94A3-C6E389DD72F2}.ttt|Any CPU.ActiveCfg = Debug|Any CPU
		{43B0B9BF-C581-45F4-94A3-C6E389DD72F2}.ttt|Any CPU.Build.0 = Debug|Any CPU
		{19200892-924C-4848-A9E5-9B3C7B1FE558}.ttt|arm64.ActiveCfg = Release|Any CPU
		{19200892-924C-4848-A9E5-9B3C7B1FE558}.ttt|arm64.Build.0 = Release|Any CPU
		{19200892-924C-4848-A9E5-9B3C7B1FE558}.ttt|x64.ActiveCfg = Release|Any CPU
		{19200892-924C-4848-A9E5-9B3C7B1FE558}.ttt|x64.Build.0 = Release|Any CPU
		{19200892-924C-4848-A9E5-9B3C7B1FE558}.ttt|x86.ActiveCfg = Release|Any CPU
		{19200892-924C-4848-A9E5-9B3C7B1FE558}.ttt|x86.Build.0 = Release|Any CPU
		{C15815B7-60DC-4338-ABAA-BB108D5D8076}.Debug|Any CPU.ActiveCfg = Debug|x64
		{C15815B7-60DC-4338-ABAA-BB108D5D8076}.Debug|Any CPU.Build.0 = Debug|x64
		{C15815B7-60DC-4338-ABAA-BB108D5D8076}.Debug|Any CPU.Deploy.0 = Debug|x64
		{C15815B7-60DC-4338-ABAA-BB108D5D8076}.Debug|arm64.ActiveCfg = Debug|arm64
		{C15815B7-60DC-4338-ABAA-BB108D5D8076}.Debug|arm64.Build.0 = Debug|arm64
		{C15815B7-60DC-4338-ABAA-BB108D5D8076}.Debug|arm64.Deploy.0 = Debug|arm64
		{C15815B7-60DC-4338-ABAA-BB108D5D8076}.Debug|x64.ActiveCfg = Debug|x64
		{C15815B7-60DC-4338-ABAA-BB108D5D8076}.Debug|x64.Build.0 = Debug|x64
		{C15815B7-60DC-4338-ABAA-BB108D5D8076}.Debug|x64.Deploy.0 = Debug|x64
		{C15815B7-60DC-4338-ABAA-BB108D5D8076}.Debug|x86.ActiveCfg = Debug|x86
		{C15815B7-60DC-4338-ABAA-BB108D5D8076}.Debug|x86.Build.0 = Debug|x86
		{C15815B7-60DC-4338-ABAA-BB108D5D8076}.Debug|x86.Deploy.0 = Debug|x86
		{C15815B7-60DC-4338-ABAA-BB108D5D8076}.Release|Any CPU.ActiveCfg = Release|x64
		{C15815B7-60DC-4338-ABAA-BB108D5D8076}.Release|Any CPU.Build.0 = Release|x64
		{C15815B7-60DC-4338-ABAA-BB108D5D8076}.Release|Any CPU.Deploy.0 = Release|x64
		{C15815B7-60DC-4338-ABAA-BB108D5D8076}.Release|arm64.ActiveCfg = Release|arm64
		{C15815B7-60DC-4338-ABAA-BB108D5D8076}.Release|arm64.Build.0 = Release|arm64
		{C15815B7-60DC-4338-ABAA-BB108D5D8076}.Release|arm64.Deploy.0 = Release|arm64
		{C15815B7-60DC-4338-ABAA-BB108D5D8076}.Release|x64.ActiveCfg = Release|x64
		{C15815B7-60DC-4338-ABAA-BB108D5D8076}.Release|x64.Build.0 = Release|x64
		{C15815B7-60DC-4338-ABAA-BB108D5D8076}.Release|x64.Deploy.0 = Release|x64
		{C15815B7-60DC-4338-ABAA-BB108D5D8076}.Release|x86.ActiveCfg = Release|x86
		{C15815B7-60DC-4338-ABAA-BB108D5D8076}.Release|x86.Build.0 = Release|x86
		{C15815B7-60DC-4338-ABAA-BB108D5D8076}.Release|x86.Deploy.0 = Release|x86
		{C15815B7-60DC-4338-ABAA-BB108D5D8076}.ttt|Any CPU.ActiveCfg = Debug|x64
		{C15815B7-60DC-4338-ABAA-BB108D5D8076}.ttt|Any CPU.Build.0 = Debug|x64
		{C15815B7-60DC-4338-ABAA-BB108D5D8076}.ttt|Any CPU.Deploy.0 = Debug|x64
		{C15815B7-60DC-4338-ABAA-BB108D5D8076}.ttt|arm64.ActiveCfg = Debug|arm64
		{C15815B7-60DC-4338-ABAA-BB108D5D8076}.ttt|arm64.Build.0 = Debug|arm64
		{C15815B7-60DC-4338-ABAA-BB108D5D8076}.ttt|arm64.Deploy.0 = Debug|arm64
		{C15815B7-60DC-4338-ABAA-BB108D5D8076}.ttt|x64.ActiveCfg = Debug|x64
		{C15815B7-60DC-4338-ABAA-BB108D5D8076}.ttt|x64.Build.0 = Debug|x64
		{C15815B7-60DC-4338-ABAA-BB108D5D8076}.ttt|x64.Deploy.0 = Debug|x64
		{C15815B7-60DC-4338-ABAA-BB108D5D8076}.ttt|x86.ActiveCfg = Debug|x86
		{C15815B7-60DC-4338-ABAA-BB108D5D8076}.ttt|x86.Build.0 = Debug|x86
		{C15815B7-60DC-4338-ABAA-BB108D5D8076}.ttt|x86.Deploy.0 = Debug|x86
	EndGlobalSection
	GlobalSection(SolutionProperties) = preSolution
		HideSolutionNode = FALSE
	EndGlobalSection
	GlobalSection(ExtensibilityGlobals) = postSolution
		SolutionGuid = {C8AF568D-6E56-45D0-B118-2DFEBE205A41}
	EndGlobalSection
EndGlobal
